// !$*UTF8*$!
{
	archiveVersion = 1;
	classes = {
	};
	objectVersion = 56;
	objects = {

/* Begin PBXBuildFile section */
		285A2D6529D1EB8A0002AB57 /* StartViewController.swift in Sources */ = {isa = PBXBuildFile; fileRef = 285A2D6429D1EB8A0002AB57 /* StartViewController.swift */; };
		285A2D6729D1EBDC0002AB57 /* SecondViewController.swift in Sources */ = {isa = PBXBuildFile; fileRef = 285A2D6629D1EBDC0002AB57 /* SecondViewController.swift */; };
		285A2D6A29D1F7A40002AB57 /* CustomCell.swift in Sources */ = {isa = PBXBuildFile; fileRef = 285A2D6829D1F7A40002AB57 /* CustomCell.swift */; };
		285A2D6B29D1F7A40002AB57 /* CustomCell.xib in Resources */ = {isa = PBXBuildFile; fileRef = 285A2D6929D1F7A40002AB57 /* CustomCell.xib */; };
		2861260B29D1BCBE00F0F76F /* AppDelegate.swift in Sources */ = {isa = PBXBuildFile; fileRef = 2861260A29D1BCBE00F0F76F /* AppDelegate.swift */; };
		2861260D29D1BCBE00F0F76F /* SceneDelegate.swift in Sources */ = {isa = PBXBuildFile; fileRef = 2861260C29D1BCBE00F0F76F /* SceneDelegate.swift */; };
		2861261429D1BCBF00F0F76F /* Assets.xcassets in Resources */ = {isa = PBXBuildFile; fileRef = 2861261329D1BCBF00F0F76F /* Assets.xcassets */; };
		2861261729D1BCBF00F0F76F /* LaunchScreen.storyboard in Resources */ = {isa = PBXBuildFile; fileRef = 2861261529D1BCBF00F0F76F /* LaunchScreen.storyboard */; };
		2861262229D1BCC000F0F76F /* NewNewsAppTests.swift in Sources */ = {isa = PBXBuildFile; fileRef = 2861262129D1BCC000F0F76F /* NewNewsAppTests.swift */; };
		2861262C29D1BCC000F0F76F /* NewNewsAppUITests.swift in Sources */ = {isa = PBXBuildFile; fileRef = 2861262B29D1BCC000F0F76F /* NewNewsAppUITests.swift */; };
		2861262E29D1BCC000F0F76F /* NewNewsAppUITestsLaunchTests.swift in Sources */ = {isa = PBXBuildFile; fileRef = 2861262D29D1BCC000F0F76F /* NewNewsAppUITestsLaunchTests.swift */; };
		2861263C29D1BDC300F0F76F /* Kingfisher in Frameworks */ = {isa = PBXBuildFile; productRef = 2861263B29D1BDC300F0F76F /* Kingfisher */; };
		2861263F29D1BDF300F0F76F /* SnapKit in Frameworks */ = {isa = PBXBuildFile; productRef = 2861263E29D1BDF300F0F76F /* SnapKit */; };
		3A0A4C13B081D763B291562D /* Pods_NewNewsApp.framework in Frameworks */ = {isa = PBXBuildFile; fileRef = 44D13A925BC1DB423D16A523 /* Pods_NewNewsApp.framework */; };
		755C7BE41C9492A6AC1E249C /* Pods_NewNewsApp_NewNewsAppUITests.framework in Frameworks */ = {isa = PBXBuildFile; fileRef = 59F20ADC23956B80F7F39ED6 /* Pods_NewNewsApp_NewNewsAppUITests.framework */; };
		7B41106A30B31E04BCCE6D62 /* Pods_NewNewsAppTests.framework in Frameworks */ = {isa = PBXBuildFile; fileRef = 1F6802598894506B3E0CBB5E /* Pods_NewNewsAppTests.framework */; };
/* End PBXBuildFile section */

/* Begin PBXContainerItemProxy section */
		2861261E29D1BCC000F0F76F /* PBXContainerItemProxy */ = {
			isa = PBXContainerItemProxy;
			containerPortal = 286125FF29D1BCBE00F0F76F /* Project object */;
			proxyType = 1;
			remoteGlobalIDString = 2861260629D1BCBE00F0F76F;
			remoteInfo = NewNewsApp;
		};
		2861262829D1BCC000F0F76F /* PBXContainerItemProxy */ = {
			isa = PBXContainerItemProxy;
			containerPortal = 286125FF29D1BCBE00F0F76F /* Project object */;
			proxyType = 1;
			remoteGlobalIDString = 2861260629D1BCBE00F0F76F;
			remoteInfo = NewNewsApp;
		};
/* End PBXContainerItemProxy section */

/* Begin PBXFileReference section */
		1F6802598894506B3E0CBB5E /* Pods_NewNewsAppTests.framework */ = {isa = PBXFileReference; explicitFileType = wrapper.framework; includeInIndex = 0; path = Pods_NewNewsAppTests.framework; sourceTree = BUILT_PRODUCTS_DIR; };
		285A2D6429D1EB8A0002AB57 /* StartViewController.swift */ = {isa = PBXFileReference; lastKnownFileType = sourcecode.swift; path = StartViewController.swift; sourceTree = "<group>"; };
		285A2D6629D1EBDC0002AB57 /* SecondViewController.swift */ = {isa = PBXFileReference; lastKnownFileType = sourcecode.swift; path = SecondViewController.swift; sourceTree = "<group>"; };
		285A2D6829D1F7A40002AB57 /* CustomCell.swift */ = {isa = PBXFileReference; lastKnownFileType = sourcecode.swift; path = CustomCell.swift; sourceTree = "<group>"; };
		285A2D6929D1F7A40002AB57 /* CustomCell.xib */ = {isa = PBXFileReference; lastKnownFileType = file.xib; path = CustomCell.xib; sourceTree = "<group>"; };
		2861260729D1BCBE00F0F76F /* NewNewsApp.app */ = {isa = PBXFileReference; explicitFileType = wrapper.application; includeInIndex = 0; path = NewNewsApp.app; sourceTree = BUILT_PRODUCTS_DIR; };
		2861260A29D1BCBE00F0F76F /* AppDelegate.swift */ = {isa = PBXFileReference; lastKnownFileType = sourcecode.swift; path = AppDelegate.swift; sourceTree = "<group>"; };
		2861260C29D1BCBE00F0F76F /* SceneDelegate.swift */ = {isa = PBXFileReference; lastKnownFileType = sourcecode.swift; path = SceneDelegate.swift; sourceTree = "<group>"; };
		2861261329D1BCBF00F0F76F /* Assets.xcassets */ = {isa = PBXFileReference; lastKnownFileType = folder.assetcatalog; path = Assets.xcassets; sourceTree = "<group>"; };
		2861261629D1BCBF00F0F76F /* Base */ = {isa = PBXFileReference; lastKnownFileType = file.storyboard; name = Base; path = Base.lproj/LaunchScreen.storyboard; sourceTree = "<group>"; };
		2861261829D1BCBF00F0F76F /* Info.plist */ = {isa = PBXFileReference; lastKnownFileType = text.plist.xml; path = Info.plist; sourceTree = "<group>"; };
		2861261D29D1BCC000F0F76F /* NewNewsAppTests.xctest */ = {isa = PBXFileReference; explicitFileType = wrapper.cfbundle; includeInIndex = 0; path = NewNewsAppTests.xctest; sourceTree = BUILT_PRODUCTS_DIR; };
		2861262129D1BCC000F0F76F /* NewNewsAppTests.swift */ = {isa = PBXFileReference; lastKnownFileType = sourcecode.swift; path = NewNewsAppTests.swift; sourceTree = "<group>"; };
		2861262729D1BCC000F0F76F /* NewNewsAppUITests.xctest */ = {isa = PBXFileReference; explicitFileType = wrapper.cfbundle; includeInIndex = 0; path = NewNewsAppUITests.xctest; sourceTree = BUILT_PRODUCTS_DIR; };
		2861262B29D1BCC000F0F76F /* NewNewsAppUITests.swift */ = {isa = PBXFileReference; lastKnownFileType = sourcecode.swift; path = NewNewsAppUITests.swift; sourceTree = "<group>"; };
		2861262D29D1BCC000F0F76F /* NewNewsAppUITestsLaunchTests.swift */ = {isa = PBXFileReference; lastKnownFileType = sourcecode.swift; path = NewNewsAppUITestsLaunchTests.swift; sourceTree = "<group>"; };
		44D13A925BC1DB423D16A523 /* Pods_NewNewsApp.framework */ = {isa = PBXFileReference; explicitFileType = wrapper.framework; includeInIndex = 0; path = Pods_NewNewsApp.framework; sourceTree = BUILT_PRODUCTS_DIR; };
		59F20ADC23956B80F7F39ED6 /* Pods_NewNewsApp_NewNewsAppUITests.framework */ = {isa = PBXFileReference; explicitFileType = wrapper.framework; includeInIndex = 0; path = Pods_NewNewsApp_NewNewsAppUITests.framework; sourceTree = BUILT_PRODUCTS_DIR; };
		60D5EF94D9810491D27E14C2 /* Pods-NewNewsAppTests.release.xcconfig */ = {isa = PBXFileReference; includeInIndex = 1; lastKnownFileType = text.xcconfig; name = "Pods-NewNewsAppTests.release.xcconfig"; path = "Target Support Files/Pods-NewNewsAppTests/Pods-NewNewsAppTests.release.xcconfig"; sourceTree = "<group>"; };
		6BAC55880A01A7FBA91CB3C7 /* Pods-NewNewsApp-NewNewsAppUITests.debug.xcconfig */ = {isa = PBXFileReference; includeInIndex = 1; lastKnownFileType = text.xcconfig; name = "Pods-NewNewsApp-NewNewsAppUITests.debug.xcconfig"; path = "Target Support Files/Pods-NewNewsApp-NewNewsAppUITests/Pods-NewNewsApp-NewNewsAppUITests.debug.xcconfig"; sourceTree = "<group>"; };
		7543437FA97E8A4F9CF9A2FB /* Pods-NewNewsAppTests.debug.xcconfig */ = {isa = PBXFileReference; includeInIndex = 1; lastKnownFileType = text.xcconfig; name = "Pods-NewNewsAppTests.debug.xcconfig"; path = "Target Support Files/Pods-NewNewsAppTests/Pods-NewNewsAppTests.debug.xcconfig"; sourceTree = "<group>"; };
		7D4E2399EA9826D8EEB3EAD7 /* Pods-NewNewsApp.debug.xcconfig */ = {isa = PBXFileReference; includeInIndex = 1; lastKnownFileType = text.xcconfig; name = "Pods-NewNewsApp.debug.xcconfig"; path = "Target Support Files/Pods-NewNewsApp/Pods-NewNewsApp.debug.xcconfig"; sourceTree = "<group>"; };
		9B5F1902184648E8453241E7 /* Pods-NewNewsApp.release.xcconfig */ = {isa = PBXFileReference; includeInIndex = 1; lastKnownFileType = text.xcconfig; name = "Pods-NewNewsApp.release.xcconfig"; path = "Target Support Files/Pods-NewNewsApp/Pods-NewNewsApp.release.xcconfig"; sourceTree = "<group>"; };
		D22198C26C40FD2560DEB52A /* Pods-NewNewsApp-NewNewsAppUITests.release.xcconfig */ = {isa = PBXFileReference; includeInIndex = 1; lastKnownFileType = text.xcconfig; name = "Pods-NewNewsApp-NewNewsAppUITests.release.xcconfig"; path = "Target Support Files/Pods-NewNewsApp-NewNewsAppUITests/Pods-NewNewsApp-NewNewsAppUITests.release.xcconfig"; sourceTree = "<group>"; };
/* End PBXFileReference section */

/* Begin PBXFrameworksBuildPhase section */
		2861260429D1BCBE00F0F76F /* Frameworks */ = {
			isa = PBXFrameworksBuildPhase;
			buildActionMask = 2147483647;
			files = (
				2861263C29D1BDC300F0F76F /* Kingfisher in Frameworks */,
				2861263F29D1BDF300F0F76F /* SnapKit in Frameworks */,
				3A0A4C13B081D763B291562D /* Pods_NewNewsApp.framework in Frameworks */,
			);
			runOnlyForDeploymentPostprocessing = 0;
		};
		2861261A29D1BCC000F0F76F /* Frameworks */ = {
			isa = PBXFrameworksBuildPhase;
			buildActionMask = 2147483647;
			files = (
				7B41106A30B31E04BCCE6D62 /* Pods_NewNewsAppTests.framework in Frameworks */,
			);
			runOnlyForDeploymentPostprocessing = 0;
		};
		2861262429D1BCC000F0F76F /* Frameworks */ = {
			isa = PBXFrameworksBuildPhase;
			buildActionMask = 2147483647;
			files = (
				755C7BE41C9492A6AC1E249C /* Pods_NewNewsApp_NewNewsAppUITests.framework in Frameworks */,
			);
			runOnlyForDeploymentPostprocessing = 0;
		};
/* End PBXFrameworksBuildPhase section */

/* Begin PBXGroup section */
		285A2D6129D1EAFF0002AB57 /* Common */ = {
			isa = PBXGroup;
			children = (
				285A2D6429D1EB8A0002AB57 /* StartViewController.swift */,
				285A2D6629D1EBDC0002AB57 /* SecondViewController.swift */,
				285A2D6829D1F7A40002AB57 /* CustomCell.swift */,
				285A2D6929D1F7A40002AB57 /* CustomCell.xib */,
			);
			path = Common;
			sourceTree = "<group>";
		};
		285A2D6229D1EB100002AB57 /* Resource */ = {
			isa = PBXGroup;
			children = (
				2861261529D1BCBF00F0F76F /* LaunchScreen.storyboard */,
				2861261329D1BCBF00F0F76F /* Assets.xcassets */,
			);
			path = Resource;
			sourceTree = "<group>";
		};
		285A2D6329D1EB310002AB57 /* Delegate */ = {
			isa = PBXGroup;
			children = (
				2861260C29D1BCBE00F0F76F /* SceneDelegate.swift */,
				2861260A29D1BCBE00F0F76F /* AppDelegate.swift */,
			);
			path = Delegate;
			sourceTree = "<group>";
		};
		286125FE29D1BCBE00F0F76F = {
			isa = PBXGroup;
			children = (
				2861260929D1BCBE00F0F76F /* NewNewsApp */,
				2861262029D1BCC000F0F76F /* NewNewsAppTests */,
				2861262A29D1BCC000F0F76F /* NewNewsAppUITests */,
				2861260829D1BCBE00F0F76F /* Products */,
				F1DAD27761F56CAA4AFAFFB8 /* Pods */,
				A8A62D6D5F5F017F0895D746 /* Frameworks */,
			);
			sourceTree = "<group>";
		};
		2861260829D1BCBE00F0F76F /* Products */ = {
			isa = PBXGroup;
			children = (
				2861260729D1BCBE00F0F76F /* NewNewsApp.app */,
				2861261D29D1BCC000F0F76F /* NewNewsAppTests.xctest */,
				2861262729D1BCC000F0F76F /* NewNewsAppUITests.xctest */,
			);
			name = Products;
			sourceTree = "<group>";
		};
		2861260929D1BCBE00F0F76F /* NewNewsApp */ = {
			isa = PBXGroup;
			children = (
				285A2D6329D1EB310002AB57 /* Delegate */,
				285A2D6229D1EB100002AB57 /* Resource */,
				285A2D6129D1EAFF0002AB57 /* Common */,
				2861261829D1BCBF00F0F76F /* Info.plist */,
			);
			path = NewNewsApp;
			sourceTree = "<group>";
		};
		2861262029D1BCC000F0F76F /* NewNewsAppTests */ = {
			isa = PBXGroup;
			children = (
				2861262129D1BCC000F0F76F /* NewNewsAppTests.swift */,
			);
			path = NewNewsAppTests;
			sourceTree = "<group>";
		};
		2861262A29D1BCC000F0F76F /* NewNewsAppUITests */ = {
			isa = PBXGroup;
			children = (
				2861262B29D1BCC000F0F76F /* NewNewsAppUITests.swift */,
				2861262D29D1BCC000F0F76F /* NewNewsAppUITestsLaunchTests.swift */,
			);
			path = NewNewsAppUITests;
			sourceTree = "<group>";
		};
		A8A62D6D5F5F017F0895D746 /* Frameworks */ = {
			isa = PBXGroup;
			children = (
				44D13A925BC1DB423D16A523 /* Pods_NewNewsApp.framework */,
				59F20ADC23956B80F7F39ED6 /* Pods_NewNewsApp_NewNewsAppUITests.framework */,
				1F6802598894506B3E0CBB5E /* Pods_NewNewsAppTests.framework */,
			);
			name = Frameworks;
			sourceTree = "<group>";
		};
		F1DAD27761F56CAA4AFAFFB8 /* Pods */ = {
			isa = PBXGroup;
			children = (
				7D4E2399EA9826D8EEB3EAD7 /* Pods-NewNewsApp.debug.xcconfig */,
				9B5F1902184648E8453241E7 /* Pods-NewNewsApp.release.xcconfig */,
				6BAC55880A01A7FBA91CB3C7 /* Pods-NewNewsApp-NewNewsAppUITests.debug.xcconfig */,
				D22198C26C40FD2560DEB52A /* Pods-NewNewsApp-NewNewsAppUITests.release.xcconfig */,
				7543437FA97E8A4F9CF9A2FB /* Pods-NewNewsAppTests.debug.xcconfig */,
				60D5EF94D9810491D27E14C2 /* Pods-NewNewsAppTests.release.xcconfig */,
			);
			path = Pods;
			sourceTree = "<group>";
		};
/* End PBXGroup section */

/* Begin PBXNativeTarget section */
		2861260629D1BCBE00F0F76F /* NewNewsApp */ = {
			isa = PBXNativeTarget;
			buildConfigurationList = 2861263129D1BCC000F0F76F /* Build configuration list for PBXNativeTarget "NewNewsApp" */;
			buildPhases = (
				7A4C291472C077D9DF4294FF /* [CP] Check Pods Manifest.lock */,
				2861260329D1BCBE00F0F76F /* Sources */,
				2861260429D1BCBE00F0F76F /* Frameworks */,
				2861260529D1BCBE00F0F76F /* Resources */,
				1B72D20F569E59188DDB6976 /* [CP] Embed Pods Frameworks */,
			);
			buildRules = (
			);
			dependencies = (
			);
			name = NewNewsApp;
			packageProductDependencies = (
				2861263B29D1BDC300F0F76F /* Kingfisher */,
				2861263E29D1BDF300F0F76F /* SnapKit */,
			);
			productName = NewNewsApp;
			productReference = 2861260729D1BCBE00F0F76F /* NewNewsApp.app */;
			productType = "com.apple.product-type.application";
		};
		2861261C29D1BCC000F0F76F /* NewNewsAppTests */ = {
			isa = PBXNativeTarget;
			buildConfigurationList = 2861263429D1BCC000F0F76F /* Build configuration list for PBXNativeTarget "NewNewsAppTests" */;
			buildPhases = (
				259EFB3CFF5780D7E266316A /* [CP] Check Pods Manifest.lock */,
				2861261929D1BCC000F0F76F /* Sources */,
				2861261A29D1BCC000F0F76F /* Frameworks */,
				2861261B29D1BCC000F0F76F /* Resources */,
			);
			buildRules = (
			);
			dependencies = (
				2861261F29D1BCC000F0F76F /* PBXTargetDependency */,
			);
			name = NewNewsAppTests;
			productName = NewNewsAppTests;
			productReference = 2861261D29D1BCC000F0F76F /* NewNewsAppTests.xctest */;
			productType = "com.apple.product-type.bundle.unit-test";
		};
		2861262629D1BCC000F0F76F /* NewNewsAppUITests */ = {
			isa = PBXNativeTarget;
			buildConfigurationList = 2861263729D1BCC000F0F76F /* Build configuration list for PBXNativeTarget "NewNewsAppUITests" */;
			buildPhases = (
				49D16AF85A4AA7FFC31586A6 /* [CP] Check Pods Manifest.lock */,
				2861262329D1BCC000F0F76F /* Sources */,
				2861262429D1BCC000F0F76F /* Frameworks */,
				2861262529D1BCC000F0F76F /* Resources */,
				3366DF45DDA54F6D9259B0A7 /* [CP] Embed Pods Frameworks */,
			);
			buildRules = (
			);
			dependencies = (
				2861262929D1BCC000F0F76F /* PBXTargetDependency */,
			);
			name = NewNewsAppUITests;
			productName = NewNewsAppUITests;
			productReference = 2861262729D1BCC000F0F76F /* NewNewsAppUITests.xctest */;
			productType = "com.apple.product-type.bundle.ui-testing";
		};
/* End PBXNativeTarget section */

/* Begin PBXProject section */
		286125FF29D1BCBE00F0F76F /* Project object */ = {
			isa = PBXProject;
			attributes = {
				BuildIndependentTargetsInParallel = 1;
				LastSwiftUpdateCheck = 1420;
				LastUpgradeCheck = 1420;
				TargetAttributes = {
					2861260629D1BCBE00F0F76F = {
						CreatedOnToolsVersion = 14.2;
					};
					2861261C29D1BCC000F0F76F = {
						CreatedOnToolsVersion = 14.2;
						TestTargetID = 2861260629D1BCBE00F0F76F;
					};
					2861262629D1BCC000F0F76F = {
						CreatedOnToolsVersion = 14.2;
						TestTargetID = 2861260629D1BCBE00F0F76F;
					};
				};
			};
			buildConfigurationList = 2861260229D1BCBE00F0F76F /* Build configuration list for PBXProject "NewNewsApp" */;
			compatibilityVersion = "Xcode 14.0";
			developmentRegion = en;
			hasScannedForEncodings = 0;
			knownRegions = (
				en,
				Base,
			);
			mainGroup = 286125FE29D1BCBE00F0F76F;
			packageReferences = (
				2861263A29D1BDC200F0F76F /* XCRemoteSwiftPackageReference "Kingfisher" */,
				2861263D29D1BDF300F0F76F /* XCRemoteSwiftPackageReference "SnapKit" */,
			);
			productRefGroup = 2861260829D1BCBE00F0F76F /* Products */;
			projectDirPath = "";
			projectRoot = "";
			targets = (
				2861260629D1BCBE00F0F76F /* NewNewsApp */,
				2861261C29D1BCC000F0F76F /* NewNewsAppTests */,
				2861262629D1BCC000F0F76F /* NewNewsAppUITests */,
			);
		};
/* End PBXProject section */

/* Begin PBXResourcesBuildPhase section */
		2861260529D1BCBE00F0F76F /* Resources */ = {
			isa = PBXResourcesBuildPhase;
			buildActionMask = 2147483647;
			files = (
				285A2D6B29D1F7A40002AB57 /* CustomCell.xib in Resources */,
				2861261729D1BCBF00F0F76F /* LaunchScreen.storyboard in Resources */,
				2861261429D1BCBF00F0F76F /* Assets.xcassets in Resources */,
			);
			runOnlyForDeploymentPostprocessing = 0;
		};
		2861261B29D1BCC000F0F76F /* Resources */ = {
			isa = PBXResourcesBuildPhase;
			buildActionMask = 2147483647;
			files = (
			);
			runOnlyForDeploymentPostprocessing = 0;
		};
		2861262529D1BCC000F0F76F /* Resources */ = {
			isa = PBXResourcesBuildPhase;
			buildActionMask = 2147483647;
			files = (
			);
			runOnlyForDeploymentPostprocessing = 0;
		};
/* End PBXResourcesBuildPhase section */

/* Begin PBXShellScriptBuildPhase section */
		1B72D20F569E59188DDB6976 /* [CP] Embed Pods Frameworks */ = {
			isa = PBXShellScriptBuildPhase;
			buildActionMask = 2147483647;
			files = (
			);
			inputFileListPaths = (
				"${PODS_ROOT}/Target Support Files/Pods-NewNewsApp/Pods-NewNewsApp-frameworks-${CONFIGURATION}-input-files.xcfilelist",
			);
			name = "[CP] Embed Pods Frameworks";
			outputFileListPaths = (
				"${PODS_ROOT}/Target Support Files/Pods-NewNewsApp/Pods-NewNewsApp-frameworks-${CONFIGURATION}-output-files.xcfilelist",
			);
			runOnlyForDeploymentPostprocessing = 0;
			shellPath = /bin/sh;
			shellScript = "\"${PODS_ROOT}/Target Support Files/Pods-NewNewsApp/Pods-NewNewsApp-frameworks.sh\"\n";
			showEnvVarsInLog = 0;
		};
		259EFB3CFF5780D7E266316A /* [CP] Check Pods Manifest.lock */ = {
			isa = PBXShellScriptBuildPhase;
			buildActionMask = 2147483647;
			files = (
			);
			inputFileListPaths = (
			);
			inputPaths = (
				"${PODS_PODFILE_DIR_PATH}/Podfile.lock",
				"${PODS_ROOT}/Manifest.lock",
			);
			name = "[CP] Check Pods Manifest.lock";
			outputFileListPaths = (
			);
			outputPaths = (
				"$(DERIVED_FILE_DIR)/Pods-NewNewsAppTests-checkManifestLockResult.txt",
			);
			runOnlyForDeploymentPostprocessing = 0;
			shellPath = /bin/sh;
			shellScript = "diff \"${PODS_PODFILE_DIR_PATH}/Podfile.lock\" \"${PODS_ROOT}/Manifest.lock\" > /dev/null\nif [ $? != 0 ] ; then\n    # print error to STDERR\n    echo \"error: The sandbox is not in sync with the Podfile.lock. Run 'pod install' or update your CocoaPods installation.\" >&2\n    exit 1\nfi\n# This output is used by Xcode 'outputs' to avoid re-running this script phase.\necho \"SUCCESS\" > \"${SCRIPT_OUTPUT_FILE_0}\"\n";
			showEnvVarsInLog = 0;
		};
		3366DF45DDA54F6D9259B0A7 /* [CP] Embed Pods Frameworks */ = {
			isa = PBXShellScriptBuildPhase;
			buildActionMask = 2147483647;
			files = (
			);
			inputFileListPaths = (
				"${PODS_ROOT}/Target Support Files/Pods-NewNewsApp-NewNewsAppUITests/Pods-NewNewsApp-NewNewsAppUITests-frameworks-${CONFIGURATION}-input-files.xcfilelist",
			);
			name = "[CP] Embed Pods Frameworks";
			outputFileListPaths = (
				"${PODS_ROOT}/Target Support Files/Pods-NewNewsApp-NewNewsAppUITests/Pods-NewNewsApp-NewNewsAppUITests-frameworks-${CONFIGURATION}-output-files.xcfilelist",
			);
			runOnlyForDeploymentPostprocessing = 0;
			shellPath = /bin/sh;
			shellScript = "\"${PODS_ROOT}/Target Support Files/Pods-NewNewsApp-NewNewsAppUITests/Pods-NewNewsApp-NewNewsAppUITests-frameworks.sh\"\n";
			showEnvVarsInLog = 0;
		};
		49D16AF85A4AA7FFC31586A6 /* [CP] Check Pods Manifest.lock */ = {
			isa = PBXShellScriptBuildPhase;
			buildActionMask = 2147483647;
			files = (
			);
			inputFileListPaths = (
			);
			inputPaths = (
				"${PODS_PODFILE_DIR_PATH}/Podfile.lock",
				"${PODS_ROOT}/Manifest.lock",
			);
			name = "[CP] Check Pods Manifest.lock";
			outputFileListPaths = (
			);
			outputPaths = (
				"$(DERIVED_FILE_DIR)/Pods-NewNewsApp-NewNewsAppUITests-checkManifestLockResult.txt",
			);
			runOnlyForDeploymentPostprocessing = 0;
			shellPath = /bin/sh;
			shellScript = "diff \"${PODS_PODFILE_DIR_PATH}/Podfile.lock\" \"${PODS_ROOT}/Manifest.lock\" > /dev/null\nif [ $? != 0 ] ; then\n    # print error to STDERR\n    echo \"error: The sandbox is not in sync with the Podfile.lock. Run 'pod install' or update your CocoaPods installation.\" >&2\n    exit 1\nfi\n# This output is used by Xcode 'outputs' to avoid re-running this script phase.\necho \"SUCCESS\" > \"${SCRIPT_OUTPUT_FILE_0}\"\n";
			showEnvVarsInLog = 0;
		};
		7A4C291472C077D9DF4294FF /* [CP] Check Pods Manifest.lock */ = {
			isa = PBXShellScriptBuildPhase;
			buildActionMask = 2147483647;
			files = (
			);
			inputFileListPaths = (
			);
			inputPaths = (
				"${PODS_PODFILE_DIR_PATH}/Podfile.lock",
				"${PODS_ROOT}/Manifest.lock",
			);
			name = "[CP] Check Pods Manifest.lock";
			outputFileListPaths = (
			);
			outputPaths = (
				"$(DERIVED_FILE_DIR)/Pods-NewNewsApp-checkManifestLockResult.txt",
			);
			runOnlyForDeploymentPostprocessing = 0;
			shellPath = /bin/sh;
			shellScript = "diff \"${PODS_PODFILE_DIR_PATH}/Podfile.lock\" \"${PODS_ROOT}/Manifest.lock\" > /dev/null\nif [ $? != 0 ] ; then\n    # print error to STDERR\n    echo \"error: The sandbox is not in sync with the Podfile.lock. Run 'pod install' or update your CocoaPods installation.\" >&2\n    exit 1\nfi\n# This output is used by Xcode 'outputs' to avoid re-running this script phase.\necho \"SUCCESS\" > \"${SCRIPT_OUTPUT_FILE_0}\"\n";
			showEnvVarsInLog = 0;
		};
/* End PBXShellScriptBuildPhase section */

/* Begin PBXSourcesBuildPhase section */
		2861260329D1BCBE00F0F76F /* Sources */ = {
			isa = PBXSourcesBuildPhase;
			buildActionMask = 2147483647;
			files = (
				285A2D6729D1EBDC0002AB57 /* SecondViewController.swift in Sources */,
				2861260B29D1BCBE00F0F76F /* AppDelegate.swift in Sources */,
				285A2D6A29D1F7A40002AB57 /* CustomCell.swift in Sources */,
				2861260D29D1BCBE00F0F76F /* SceneDelegate.swift in Sources */,
				285A2D6529D1EB8A0002AB57 /* StartViewController.swift in Sources */,
			);
			runOnlyForDeploymentPostprocessing = 0;
		};
		2861261929D1BCC000F0F76F /* Sources */ = {
			isa = PBXSourcesBuildPhase;
			buildActionMask = 2147483647;
			files = (
				2861262229D1BCC000F0F76F /* NewNewsAppTests.swift in Sources */,
			);
			runOnlyForDeploymentPostprocessing = 0;
		};
		2861262329D1BCC000F0F76F /* Sources */ = {
			isa = PBXSourcesBuildPhase;
			buildActionMask = 2147483647;
			files = (
				2861262E29D1BCC000F0F76F /* NewNewsAppUITestsLaunchTests.swift in Sources */,
				2861262C29D1BCC000F0F76F /* NewNewsAppUITests.swift in Sources */,
			);
			runOnlyForDeploymentPostprocessing = 0;
		};
/* End PBXSourcesBuildPhase section */

/* Begin PBXTargetDependency section */
		2861261F29D1BCC000F0F76F /* PBXTargetDependency */ = {
			isa = PBXTargetDependency;
			target = 2861260629D1BCBE00F0F76F /* NewNewsApp */;
			targetProxy = 2861261E29D1BCC000F0F76F /* PBXContainerItemProxy */;
		};
		2861262929D1BCC000F0F76F /* PBXTargetDependency */ = {
			isa = PBXTargetDependency;
			target = 2861260629D1BCBE00F0F76F /* NewNewsApp */;
			targetProxy = 2861262829D1BCC000F0F76F /* PBXContainerItemProxy */;
		};
/* End PBXTargetDependency section */

/* Begin PBXVariantGroup section */
		2861261529D1BCBF00F0F76F /* LaunchScreen.storyboard */ = {
			isa = PBXVariantGroup;
			children = (
				2861261629D1BCBF00F0F76F /* Base */,
			);
			name = LaunchScreen.storyboard;
			sourceTree = "<group>";
		};
/* End PBXVariantGroup section */

/* Begin XCBuildConfiguration section */
		2861262F29D1BCC000F0F76F /* Debug */ = {
			isa = XCBuildConfiguration;
			buildSettings = {
				ALWAYS_SEARCH_USER_PATHS = NO;
				CLANG_ANALYZER_NONNULL = YES;
				CLANG_ANALYZER_NUMBER_OBJECT_CONVERSION = YES_AGGRESSIVE;
				CLANG_CXX_LANGUAGE_STANDARD = "gnu++20";
				CLANG_ENABLE_MODULES = YES;
				CLANG_ENABLE_OBJC_ARC = YES;
				CLANG_ENABLE_OBJC_WEAK = YES;
				CLANG_WARN_BLOCK_CAPTURE_AUTORELEASING = YES;
				CLANG_WARN_BOOL_CONVERSION = YES;
				CLANG_WARN_COMMA = YES;
				CLANG_WARN_CONSTANT_CONVERSION = YES;
				CLANG_WARN_DEPRECATED_OBJC_IMPLEMENTATIONS = YES;
				CLANG_WARN_DIRECT_OBJC_ISA_USAGE = YES_ERROR;
				CLANG_WARN_DOCUMENTATION_COMMENTS = YES;
				CLANG_WARN_EMPTY_BODY = YES;
				CLANG_WARN_ENUM_CONVERSION = YES;
				CLANG_WARN_INFINITE_RECURSION = YES;
				CLANG_WARN_INT_CONVERSION = YES;
				CLANG_WARN_NON_LITERAL_NULL_CONVERSION = YES;
				CLANG_WARN_OBJC_IMPLICIT_RETAIN_SELF = YES;
				CLANG_WARN_OBJC_LITERAL_CONVERSION = YES;
				CLANG_WARN_OBJC_ROOT_CLASS = YES_ERROR;
				CLANG_WARN_QUOTED_INCLUDE_IN_FRAMEWORK_HEADER = YES;
				CLANG_WARN_RANGE_LOOP_ANALYSIS = YES;
				CLANG_WARN_STRICT_PROTOTYPES = YES;
				CLANG_WARN_SUSPICIOUS_MOVE = YES;
				CLANG_WARN_UNGUARDED_AVAILABILITY = YES_AGGRESSIVE;
				CLANG_WARN_UNREACHABLE_CODE = YES;
				CLANG_WARN__DUPLICATE_METHOD_MATCH = YES;
				COPY_PHASE_STRIP = NO;
				DEBUG_INFORMATION_FORMAT = dwarf;
				ENABLE_STRICT_OBJC_MSGSEND = YES;
				ENABLE_TESTABILITY = YES;
				GCC_C_LANGUAGE_STANDARD = gnu11;
				GCC_DYNAMIC_NO_PIC = NO;
				GCC_NO_COMMON_BLOCKS = YES;
				GCC_OPTIMIZATION_LEVEL = 0;
				GCC_PREPROCESSOR_DEFINITIONS = (
					"DEBUG=1",
					"$(inherited)",
				);
				GCC_WARN_64_TO_32_BIT_CONVERSION = YES;
				GCC_WARN_ABOUT_RETURN_TYPE = YES_ERROR;
				GCC_WARN_UNDECLARED_SELECTOR = YES;
				GCC_WARN_UNINITIALIZED_AUTOS = YES_AGGRESSIVE;
				GCC_WARN_UNUSED_FUNCTION = YES;
				GCC_WARN_UNUSED_VARIABLE = YES;
				IPHONEOS_DEPLOYMENT_TARGET = 16.2;
				MTL_ENABLE_DEBUG_INFO = INCLUDE_SOURCE;
				MTL_FAST_MATH = YES;
				ONLY_ACTIVE_ARCH = YES;
				SDKROOT = iphoneos;
				SWIFT_ACTIVE_COMPILATION_CONDITIONS = DEBUG;
				SWIFT_OPTIMIZATION_LEVEL = "-Onone";
			};
			name = Debug;
		};
		2861263029D1BCC000F0F76F /* Release */ = {
			isa = XCBuildConfiguration;
			buildSettings = {
				ALWAYS_SEARCH_USER_PATHS = NO;
				CLANG_ANALYZER_NONNULL = YES;
				CLANG_ANALYZER_NUMBER_OBJECT_CONVERSION = YES_AGGRESSIVE;
				CLANG_CXX_LANGUAGE_STANDARD = "gnu++20";
				CLANG_ENABLE_MODULES = YES;
				CLANG_ENABLE_OBJC_ARC = YES;
				CLANG_ENABLE_OBJC_WEAK = YES;
				CLANG_WARN_BLOCK_CAPTURE_AUTORELEASING = YES;
				CLANG_WARN_BOOL_CONVERSION = YES;
				CLANG_WARN_COMMA = YES;
				CLANG_WARN_CONSTANT_CONVERSION = YES;
				CLANG_WARN_DEPRECATED_OBJC_IMPLEMENTATIONS = YES;
				CLANG_WARN_DIRECT_OBJC_ISA_USAGE = YES_ERROR;
				CLANG_WARN_DOCUMENTATION_COMMENTS = YES;
				CLANG_WARN_EMPTY_BODY = YES;
				CLANG_WARN_ENUM_CONVERSION = YES;
				CLANG_WARN_INFINITE_RECURSION = YES;
				CLANG_WARN_INT_CONVERSION = YES;
				CLANG_WARN_NON_LITERAL_NULL_CONVERSION = YES;
				CLANG_WARN_OBJC_IMPLICIT_RETAIN_SELF = YES;
				CLANG_WARN_OBJC_LITERAL_CONVERSION = YES;
				CLANG_WARN_OBJC_ROOT_CLASS = YES_ERROR;
				CLANG_WARN_QUOTED_INCLUDE_IN_FRAMEWORK_HEADER = YES;
				CLANG_WARN_RANGE_LOOP_ANALYSIS = YES;
				CLANG_WARN_STRICT_PROTOTYPES = YES;
				CLANG_WARN_SUSPICIOUS_MOVE = YES;
				CLANG_WARN_UNGUARDED_AVAILABILITY = YES_AGGRESSIVE;
				CLANG_WARN_UNREACHABLE_CODE = YES;
				CLANG_WARN__DUPLICATE_METHOD_MATCH = YES;
				COPY_PHASE_STRIP = NO;
				DEBUG_INFORMATION_FORMAT = "dwarf-with-dsym";
				ENABLE_NS_ASSERTIONS = NO;
				ENABLE_STRICT_OBJC_MSGSEND = YES;
				GCC_C_LANGUAGE_STANDARD = gnu11;
				GCC_NO_COMMON_BLOCKS = YES;
				GCC_WARN_64_TO_32_BIT_CONVERSION = YES;
				GCC_WARN_ABOUT_RETURN_TYPE = YES_ERROR;
				GCC_WARN_UNDECLARED_SELECTOR = YES;
				GCC_WARN_UNINITIALIZED_AUTOS = YES_AGGRESSIVE;
				GCC_WARN_UNUSED_FUNCTION = YES;
				GCC_WARN_UNUSED_VARIABLE = YES;
				IPHONEOS_DEPLOYMENT_TARGET = 16.2;
				MTL_ENABLE_DEBUG_INFO = NO;
				MTL_FAST_MATH = YES;
				SDKROOT = iphoneos;
				SWIFT_COMPILATION_MODE = wholemodule;
				SWIFT_OPTIMIZATION_LEVEL = "-O";
				VALIDATE_PRODUCT = YES;
			};
			name = Release;
		};
		2861263229D1BCC000F0F76F /* Debug */ = {
			isa = XCBuildConfiguration;
			baseConfigurationReference = 7D4E2399EA9826D8EEB3EAD7 /* Pods-NewNewsApp.debug.xcconfig */;
			buildSettings = {
				ASSETCATALOG_COMPILER_APPICON_NAME = AppIcon;
				ASSETCATALOG_COMPILER_GLOBAL_ACCENT_COLOR_NAME = AccentColor;
				CODE_SIGN_STYLE = Automatic;
				CURRENT_PROJECT_VERSION = 1;
				DEVELOPMENT_TEAM = 7TGA44R678;
				GENERATE_INFOPLIST_FILE = YES;
				INFOPLIST_FILE = NewNewsApp/Info.plist;
				INFOPLIST_KEY_UIApplicationSupportsIndirectInputEvents = YES;
				INFOPLIST_KEY_UILaunchStoryboardName = LaunchScreen;
				INFOPLIST_KEY_UISupportedInterfaceOrientations_iPad = "UIInterfaceOrientationPortrait UIInterfaceOrientationPortraitUpsideDown UIInterfaceOrientationLandscapeLeft UIInterfaceOrientationLandscapeRight";
				INFOPLIST_KEY_UISupportedInterfaceOrientations_iPhone = "UIInterfaceOrientationPortrait UIInterfaceOrientationLandscapeLeft UIInterfaceOrientationLandscapeRight";
				LD_RUNPATH_SEARCH_PATHS = (
					"$(inherited)",
					"@executable_path/Frameworks",
				);
				MARKETING_VERSION = 1.0;
				PRODUCT_BUNDLE_IDENTIFIER = SeitovN.NewNewsApp;
				PRODUCT_NAME = "$(TARGET_NAME)";
				SWIFT_EMIT_LOC_STRINGS = YES;
				SWIFT_VERSION = 5.0;
				TARGETED_DEVICE_FAMILY = "1,2";
			};
			name = Debug;
		};
		2861263329D1BCC000F0F76F /* Release */ = {
			isa = XCBuildConfiguration;
			baseConfigurationReference = 9B5F1902184648E8453241E7 /* Pods-NewNewsApp.release.xcconfig */;
			buildSettings = {
				ASSETCATALOG_COMPILER_APPICON_NAME = AppIcon;
				ASSETCATALOG_COMPILER_GLOBAL_ACCENT_COLOR_NAME = AccentColor;
				CODE_SIGN_STYLE = Automatic;
				CURRENT_PROJECT_VERSION = 1;
				DEVELOPMENT_TEAM = 7TGA44R678;
				GENERATE_INFOPLIST_FILE = YES;
				INFOPLIST_FILE = NewNewsApp/Info.plist;
				INFOPLIST_KEY_UIApplicationSupportsIndirectInputEvents = YES;
				INFOPLIST_KEY_UILaunchStoryboardName = LaunchScreen;
				INFOPLIST_KEY_UISupportedInterfaceOrientations_iPad = "UIInterfaceOrientationPortrait UIInterfaceOrientationPortraitUpsideDown UIInterfaceOrientationLandscapeLeft UIInterfaceOrientationLandscapeRight";
				INFOPLIST_KEY_UISupportedInterfaceOrientations_iPhone = "UIInterfaceOrientationPortrait UIInterfaceOrientationLandscapeLeft UIInterfaceOrientationLandscapeRight";
				LD_RUNPATH_SEARCH_PATHS = (
					"$(inherited)",
					"@executable_path/Frameworks",
				);
				MARKETING_VERSION = 1.0;
				PRODUCT_BUNDLE_IDENTIFIER = SeitovN.NewNewsApp;
				PRODUCT_NAME = "$(TARGET_NAME)";
				SWIFT_EMIT_LOC_STRINGS = YES;
				SWIFT_VERSION = 5.0;
				TARGETED_DEVICE_FAMILY = "1,2";
			};
			name = Release;
		};
		2861263529D1BCC000F0F76F /* Debug */ = {
			isa = XCBuildConfiguration;
			baseConfigurationReference = 7543437FA97E8A4F9CF9A2FB /* Pods-NewNewsAppTests.debug.xcconfig */;
			buildSettings = {
				ALWAYS_EMBED_SWIFT_STANDARD_LIBRARIES = YES;
				BUNDLE_LOADER = "$(TEST_HOST)";
				CODE_SIGN_STYLE = Automatic;
				CURRENT_PROJECT_VERSION = 1;
				DEVELOPMENT_TEAM = 7TGA44R678;
				GENERATE_INFOPLIST_FILE = YES;
				IPHONEOS_DEPLOYMENT_TARGET = 16.2;
				MARKETING_VERSION = 1.0;
				PRODUCT_BUNDLE_IDENTIFIER = SeitovN.NewNewsAppTests;
				PRODUCT_NAME = "$(TARGET_NAME)";
				SWIFT_EMIT_LOC_STRINGS = NO;
				SWIFT_VERSION = 5.0;
				TARGETED_DEVICE_FAMILY = "1,2";
				TEST_HOST = "$(BUILT_PRODUCTS_DIR)/NewNewsApp.app/$(BUNDLE_EXECUTABLE_FOLDER_PATH)/NewNewsApp";
			};
			name = Debug;
		};
		2861263629D1BCC000F0F76F /* Release */ = {
			isa = XCBuildConfiguration;
			baseConfigurationReference = 60D5EF94D9810491D27E14C2 /* Pods-NewNewsAppTests.release.xcconfig */;
			buildSettings = {
				ALWAYS_EMBED_SWIFT_STANDARD_LIBRARIES = YES;
				BUNDLE_LOADER = "$(TEST_HOST)";
				CODE_SIGN_STYLE = Automatic;
				CURRENT_PROJECT_VERSION = 1;
				DEVELOPMENT_TEAM = 7TGA44R678;
				GENERATE_INFOPLIST_FILE = YES;
				IPHONEOS_DEPLOYMENT_TARGET = 16.2;
				MARKETING_VERSION = 1.0;
				PRODUCT_BUNDLE_IDENTIFIER = SeitovN.NewNewsAppTests;
				PRODUCT_NAME = "$(TARGET_NAME)";
				SWIFT_EMIT_LOC_STRINGS = NO;
				SWIFT_VERSION = 5.0;
				TARGETED_DEVICE_FAMILY = "1,2";
				TEST_HOST = "$(BUILT_PRODUCTS_DIR)/NewNewsApp.app/$(BUNDLE_EXECUTABLE_FOLDER_PATH)/NewNewsApp";
			};
			name = Release;
		};
		2861263829D1BCC000F0F76F /* Debug */ = {
			isa = XCBuildConfiguration;
			baseConfigurationReference = 6BAC55880A01A7FBA91CB3C7 /* Pods-NewNewsApp-NewNewsAppUITests.debug.xcconfig */;
			buildSettings = {
				ALWAYS_EMBED_SWIFT_STANDARD_LIBRARIES = YES;
				CODE_SIGN_STYLE = Automatic;
				CURRENT_PROJECT_VERSION = 1;
				DEVELOPMENT_TEAM = 7TGA44R678;
				GENERATE_INFOPLIST_FILE = YES;
				MARKETING_VERSION = 1.0;
				PRODUCT_BUNDLE_IDENTIFIER = SeitovN.NewNewsAppUITests;
				PRODUCT_NAME = "$(TARGET_NAME)";
				SWIFT_EMIT_LOC_STRINGS = NO;
				SWIFT_VERSION = 5.0;
				TARGETED_DEVICE_FAMILY = "1,2";
				TEST_TARGET_NAME = NewNewsApp;
			};
			name = Debug;
		};
		2861263929D1BCC000F0F76F /* Release */ = {
			isa = XCBuildConfiguration;
			baseConfigurationReference = D22198C26C40FD2560DEB52A /* Pods-NewNewsApp-NewNewsAppUITests.release.xcconfig */;
			buildSettings = {
				ALWAYS_EMBED_SWIFT_STANDARD_LIBRARIES = YES;
				CODE_SIGN_STYLE = Automatic;
				CURRENT_PROJECT_VERSION = 1;
				DEVELOPMENT_TEAM = 7TGA44R678;
				GENERATE_INFOPLIST_FILE = YES;
				MARKETING_VERSION = 1.0;
				PRODUCT_BUNDLE_IDENTIFIER = SeitovN.NewNewsAppUITests;
				PRODUCT_NAME = "$(TARGET_NAME)";
				SWIFT_EMIT_LOC_STRINGS = NO;
				SWIFT_VERSION = 5.0;
				TARGETED_DEVICE_FAMILY = "1,2";
				TEST_TARGET_NAME = NewNewsApp;
			};
			name = Release;
		};
/* End XCBuildConfiguration section */

/* Begin XCConfigurationList section */
		2861260229D1BCBE00F0F76F /* Build configuration list for PBXProject "NewNewsApp" */ = {
			isa = XCConfigurationList;
			buildConfigurations = (
				2861262F29D1BCC000F0F76F /* Debug */,
				2861263029D1BCC000F0F76F /* Release */,
			);
			defaultConfigurationIsVisible = 0;
			defaultConfigurationName = Release;
		};
		2861263129D1BCC000F0F76F /* Build configuration list for PBXNativeTarget "NewNewsApp" */ = {
			isa = XCConfigurationList;
			buildConfigurations = (
				2861263229D1BCC000F0F76F /* Debug */,
				2861263329D1BCC000F0F76F /* Release */,
			);
			defaultConfigurationIsVisible = 0;
			defaultConfigurationName = Release;
		};
		2861263429D1BCC000F0F76F /* Build configuration list for PBXNativeTarget "NewNewsAppTests" */ = {
			isa = XCConfigurationList;
			buildConfigurations = (
				2861263529D1BCC000F0F76F /* Debug */,
				2861263629D1BCC000F0F76F /* Release */,
			);
			defaultConfigurationIsVisible = 0;
			defaultConfigurationName = Release;
		};
		2861263729D1BCC000F0F76F /* Build configuration list for PBXNativeTarget "NewNewsAppUITests" */ = {
			isa = XCConfigurationList;
			buildConfigurations = (
				2861263829D1BCC000F0F76F /* Debug */,
				2861263929D1BCC000F0F76F /* Release */,
			);
			defaultConfigurationIsVisible = 0;
			defaultConfigurationName = Release;
		};
/* End XCConfigurationList section */

/* Begin XCRemoteSwiftPackageReference section */
		2861263A29D1BDC200F0F76F /* XCRemoteSwiftPackageReference "Kingfisher" */ = {
			isa = XCRemoteSwiftPackageReference;
			repositoryURL = "https://github.com/onevcat/Kingfisher.git";
			requirement = {
				kind = upToNextMajorVersion;
				minimumVersion = 7.0.0;
			};
		};
		2861263D29D1BDF300F0F76F /* XCRemoteSwiftPackageReference "SnapKit" */ = {
			isa = XCRemoteSwiftPackageReference;
			repositoryURL = "https://github.com/SnapKit/SnapKit.git";
			requirement = {
				branch = develop;
				kind = branch;
			};
		};
/* End XCRemoteSwiftPackageReference section */

/* Begin XCSwiftPackageProductDependency section */
		2861263B29D1BDC300F0F76F /* Kingfisher */ = {
			isa = XCSwiftPackageProductDependency;
			package = 2861263A29D1BDC200F0F76F /* XCRemoteSwiftPackageReference "Kingfisher" */;
			productName = Kingfisher;
		};
		2861263E29D1BDF300F0F76F /* SnapKit */ = {
			isa = XCSwiftPackageProductDependency;
			package = 2861263D29D1BDF300F0F76F /* XCRemoteSwiftPackageReference "SnapKit" */;
			productName = SnapKit;
		};
/* End XCSwiftPackageProductDependency section */
	};
	rootObject = 286125FF29D1BCBE00F0F76F /* Project object */;
}
